
Microsoft Visual Studio Solution File, Format Version 12.00
# Visual Studio 15
VisualStudioVersion = 15.0.26430.16
MinimumVisualStudioVersion = 10.0.40219.1
Project("{FAE04EC0-301F-11D3-BF4B-00C04F79EFBC}") = "ProductionPlanningCore", "ProductionPlanningCore.csproj", "{20C29E1B-2818-4DC7-BCFB-6134F8F47EEE}"
EndProject
Global
	GlobalSection(SolutionConfigurationPlatforms) = preSolution
		Debug|Any CPU = Debug|Any CPU
		Release|Any CPU = Release|Any CPU
	EndGlobalSection
	GlobalSection(ProjectConfigurationPlatforms) = postSolution
		{20C29E1B-2818-4DC7-BCFB-6134F8F47EEE}.Debug|Any CPU.ActiveCfg = Debug|Any CPU
		{20C29E1B-2818-4DC7-BCFB-6134F8F47EEE}.Debug|Any CPU.Build.0 = Debug|Any CPU
		{20C29E1B-2818-4DC7-BCFB-6134F8F47EEE}.Release|Any CPU.ActiveCfg = Release|Any CPU
		{20C29E1B-2818-4DC7-BCFB-6134F8F47EEE}.Release|Any CPU.Build.0 = Release|Any CPU
	EndGlobalSection
	GlobalSection(SolutionProperties) = preSolution
		HideSolutionNode = FALSE
	EndGlobalSection
EndGlobal
